dependencies:
  espressif/usb_host_hid:
    component_hash: 71241f16d00268738ffc62a12ca55f209e2e93ed1e6ed96debee2e96292340ae
    source:
      service_url: https://api.components.espressif.com/
      type: service
    version: 1.0.0
  idf:
    component_hash: null
    source:
      type: idf
    version: 5.1.2
manifest_hash: 5b8128ed130da441b4fda264083ccb5724f15ef375043582fa4a6193eeca58b5
target: esp32s3
version: 1.0.0
